// !$*UTF8*$!
{
	archiveVersion = 1;
	classes = {
	};
	objectVersion = 56;
	objects = {

/* Begin PBXBuildFile section */
		0AC469752BBA1B6800FC3866 /* NinjaBlockingState.swift in Sources */ = {isa = PBXBuildFile; fileRef = 0AC469742BBA1B6800FC3866 /* NinjaBlockingState.swift */; };
		0ACBB7572BA51F39002907F6 /* AnimatorComponent.swift in Sources */ = {isa = PBXBuildFile; fileRef = 0ACBB7562BA51F39002907F6 /* AnimatorComponent.swift */; };
		0ACBB7592BA5431E002907F6 /* StateMachineComponent.swift in Sources */ = {isa = PBXBuildFile; fileRef = 0ACBB7582BA5431E002907F6 /* StateMachineComponent.swift */; };
		1C2B21F42BA77C87006928F5 /* GamePad.swift in Sources */ = {isa = PBXBuildFile; fileRef = 1C2B21F32BA77C87006928F5 /* GamePad.swift */; };
		1C5F31D12B91A0A0006FE4DA /* AnimationPlayer.swift in Sources */ = {isa = PBXBuildFile; fileRef = 1C5F31D02B91A0A0006FE4DA /* AnimationPlayer.swift */; };
		1C7C931B2B981EFC00B59858 /* AmazingBrentwood.swift in Sources */ = {isa = PBXBuildFile; fileRef = 1C7C931A2B981EFC00B59858 /* AmazingBrentwood.swift */; };
		1C7C931D2B981F1200B59858 /* Stage.swift in Sources */ = {isa = PBXBuildFile; fileRef = 1C7C931C2B981F1200B59858 /* Stage.swift */; };
		1C7C93222B982C4A00B59858 /* PerpetualEnvironmentComponent.swift in Sources */ = {isa = PBXBuildFile; fileRef = 1C7C93212B982C4A00B59858 /* PerpetualEnvironmentComponent.swift */; };
		1CDA63062BB6497600B76510 /* InputProcessor.swift in Sources */ = {isa = PBXBuildFile; fileRef = 1CDA63052BB6497600B76510 /* InputProcessor.swift */; };
		1CDA63092BB663F500B76510 /* Atomics in Frameworks */ = {isa = PBXBuildFile; productRef = 1CDA63082BB663F500B76510 /* Atomics */; };
		6948156B2BBB7D33008CF343 /* AudioManager.swift in Sources */ = {isa = PBXBuildFile; fileRef = 6948156A2BBB7D33008CF343 /* AudioManager.swift */; };
		6948156E2BBB82B5008CF343 /* Gouken_Menu_Theme.mp3 in Resources */ = {isa = PBXBuildFile; fileRef = 6948156D2BBB82B5008CF343 /* Gouken_Menu_Theme.mp3 */; };
		694815722BBB863E008CF343 /* Gouken_Battle_Theme.mp3 in Resources */ = {isa = PBXBuildFile; fileRef = 694815712BBB863E008CF343 /* Gouken_Battle_Theme.mp3 */; };
		6948157A2BBB8ACD008CF343 /* Running.mp3 in Resources */ = {isa = PBXBuildFile; fileRef = 694815792BBB8ACD008CF343 /* Running.mp3 */; };
		694815872BBB9CA2008CF343 /* Ninja_Hit_Effect.mp3 in Resources */ = {isa = PBXBuildFile; fileRef = 694815862BBB9CA2008CF343 /* Ninja_Hit_Effect.mp3 */; };
		694815892BBB9D53008CF343 /* oof.mp3 in Resources */ = {isa = PBXBuildFile; fileRef = 694815882BBB9D53008CF343 /* oof.mp3 */; };
		8767925A2BB77995009B05ED /* HitBox.swift in Sources */ = {isa = PBXBuildFile; fileRef = 876792592BB77995009B05ED /* HitBox.swift */; };
		954F76562B9D6DEE00CB7767 /* backgroundMusic.mp3 in Resources */ = {isa = PBXBuildFile; fileRef = 954F76552B9D6DEE00CB7767 /* backgroundMusic.mp3 */; };
		954F76582B9D6DF500CB7767 /* background.jpg in Resources */ = {isa = PBXBuildFile; fileRef = 954F76572B9D6DF500CB7767 /* background.jpg */; };
		954F765D2B9D6ED700CB7767 /* HurtBox.swift in Sources */ = {isa = PBXBuildFile; fileRef = 954F765C2B9D6ED700CB7767 /* HurtBox.swift */; };
		954F765F2B9D6EF300CB7767 /* Colliders.swift in Sources */ = {isa = PBXBuildFile; fileRef = 954F765E2B9D6EF300CB7767 /* Colliders.swift */; };
		95DBEA6A2BBA8A36001F04A7 /* NinjaJumpState.swift in Sources */ = {isa = PBXBuildFile; fileRef = 95DBEA692BBA8A36001F04A7 /* NinjaJumpState.swift */; };
		A5BA078C2BA7A5F00080B32E /* GameManager.swift in Sources */ = {isa = PBXBuildFile; fileRef = A5BA078B2BA7A5F00080B32E /* GameManager.swift */; };
		A5D2DA662B981C4600A32416 /* MenuOverlay.swift in Sources */ = {isa = PBXBuildFile; fileRef = A5D2DA652B981C4600A32416 /* MenuOverlay.swift */; };
		A5F20B4E2BB8CD0D00B6B56B /* HitBoxComponent.swift in Sources */ = {isa = PBXBuildFile; fileRef = A5F20B4D2BB8CD0D00B6B56B /* HitBoxComponent.swift */; };
		A5F20B512BB8E50700B6B56B /* NinjaMoveData.swift in Sources */ = {isa = PBXBuildFile; fileRef = A5F20B502BB8E50700B6B56B /* NinjaMoveData.swift */; };
		DB035DD62B984DAD0014C675 /* HealthComponent.swift in Sources */ = {isa = PBXBuildFile; fileRef = DB035DD52B984DAD0014C675 /* HealthComponent.swift */; };
		DB035DD92B984F820014C675 /* NinjaStateMachine.swift in Sources */ = {isa = PBXBuildFile; fileRef = DB035DD82B984F820014C675 /* NinjaStateMachine.swift */; };
		DB035DDC2B984FBF0014C675 /* NinjaBaseState.swift in Sources */ = {isa = PBXBuildFile; fileRef = DB035DDB2B984FBF0014C675 /* NinjaBaseState.swift */; };
		DB035DDE2B984FCB0014C675 /* NinjaDownedState.swift in Sources */ = {isa = PBXBuildFile; fileRef = DB035DDD2B984FCB0014C675 /* NinjaDownedState.swift */; };
		DB035DE02B984FF40014C675 /* NinjaStunnedState.swift in Sources */ = {isa = PBXBuildFile; fileRef = DB035DDF2B984FF40014C675 /* NinjaStunnedState.swift */; };
		DB035DE22B98509D0014C675 /* NinjaIdleState.swift in Sources */ = {isa = PBXBuildFile; fileRef = DB035DE12B98509D0014C675 /* NinjaIdleState.swift */; };
		DB035DE42B9861CA0014C675 /* NinjaAttackingState.swift in Sources */ = {isa = PBXBuildFile; fileRef = DB035DE32B9861CA0014C675 /* NinjaAttackingState.swift */; };
		DB0BBABE2B7CA68200A7A585 /* CharacterStateMachine.swift in Sources */ = {isa = PBXBuildFile; fileRef = DB0BBABD2B7CA68200A7A585 /* CharacterStateMachine.swift */; };
		DB59F5692B89C71500B2D52D /* AnimationList.swift in Sources */ = {isa = PBXBuildFile; fileRef = DB59F5682B89C71500B2D52D /* AnimationList.swift */; };
		DBC19D392B7BB38F007C7323 /* State.swift in Sources */ = {isa = PBXBuildFile; fileRef = DBC19D382B7BB38F007C7323 /* State.swift */; };
		DBF1C45D2B85A79300B40007 /* Overlay.swift in Sources */ = {isa = PBXBuildFile; fileRef = DBF1C45C2B85A79300B40007 /* Overlay.swift */; };
		DBF1C4612B85AB9800B40007 /* Overlay.sks in Resources */ = {isa = PBXBuildFile; fileRef = DBF1C4602B85AB9800B40007 /* Overlay.sks */; };
		DBF1C4632B85B9B200B40007 /* SceneKitExtensions.swift in Sources */ = {isa = PBXBuildFile; fileRef = DBF1C4622B85B9B200B40007 /* SceneKitExtensions.swift */; };
		F02176962B82B814000993B2 /* Character.swift in Sources */ = {isa = PBXBuildFile; fileRef = F02176952B82B814000993B2 /* Character.swift */; };
		F02176992B82B8DA000993B2 /* GameplayKit.framework in Frameworks */ = {isa = PBXBuildFile; fileRef = F02176982B82B8D9000993B2 /* GameplayKit.framework */; };
		F021769C2B82B958000993B2 /* MovementComponent.swift in Sources */ = {isa = PBXBuildFile; fileRef = F021769B2B82B958000993B2 /* MovementComponent.swift */; };
		F021769E2B82BBAF000993B2 /* EntityManager.swift in Sources */ = {isa = PBXBuildFile; fileRef = F021769D2B82BBAF000993B2 /* EntityManager.swift */; };
		F02F5D572BB64FB000E0D5CD /* SerializableCharacter.swift in Sources */ = {isa = PBXBuildFile; fileRef = F02F5D562BB64FB000E0D5CD /* SerializableCharacter.swift */; };
		F031DA0B2B7609EC00E3F4B5 /* AppDelegate.swift in Sources */ = {isa = PBXBuildFile; fileRef = F031DA0A2B7609EC00E3F4B5 /* AppDelegate.swift */; };
		F031DA0D2B7609EC00E3F4B5 /* art.scnassets in Resources */ = {isa = PBXBuildFile; fileRef = F031DA0C2B7609EC00E3F4B5 /* art.scnassets */; };
		F031DA0F2B7609EC00E3F4B5 /* GameViewController.swift in Sources */ = {isa = PBXBuildFile; fileRef = F031DA0E2B7609EC00E3F4B5 /* GameViewController.swift */; };
		F031DA122B7609EC00E3F4B5 /* Main.storyboard in Resources */ = {isa = PBXBuildFile; fileRef = F031DA102B7609EC00E3F4B5 /* Main.storyboard */; };
		F031DA142B7609ED00E3F4B5 /* Assets.xcassets in Resources */ = {isa = PBXBuildFile; fileRef = F031DA132B7609ED00E3F4B5 /* Assets.xcassets */; };
		F031DA172B7609ED00E3F4B5 /* LaunchScreen.storyboard in Resources */ = {isa = PBXBuildFile; fileRef = F031DA152B7609ED00E3F4B5 /* LaunchScreen.storyboard */; };
		F045520F2BB4FEB600B64ADB /* MultipeerConnection.swift in Sources */ = {isa = PBXBuildFile; fileRef = F045520E2BB4FEB600B64ADB /* MultipeerConnection.swift */; };
		F05BD1112BB7616800C4BEB8 /* NinjaRunningRightState.swift in Sources */ = {isa = PBXBuildFile; fileRef = F05BD1102BB7616800C4BEB8 /* NinjaRunningRightState.swift */; };
		F05BD1132BB7617D00C4BEB8 /* NinjaRunningLeftState.swift in Sources */ = {isa = PBXBuildFile; fileRef = F05BD1122BB7617D00C4BEB8 /* NinjaRunningLeftState.swift */; };
		F0CE712C2BBA29CE0083ABE5 /* PyramidOfGiza.swift in Sources */ = {isa = PBXBuildFile; fileRef = F0CE712B2BBA29CE0083ABE5 /* PyramidOfGiza.swift */; };
/* End PBXBuildFile section */

/* Begin PBXFileReference section */
		0AC469742BBA1B6800FC3866 /* NinjaBlockingState.swift */ = {isa = PBXFileReference; lastKnownFileType = sourcecode.swift; path = NinjaBlockingState.swift; sourceTree = "<group>"; };
		0ACBB7562BA51F39002907F6 /* AnimatorComponent.swift */ = {isa = PBXFileReference; lastKnownFileType = sourcecode.swift; path = AnimatorComponent.swift; sourceTree = "<group>"; };
		0ACBB7582BA5431E002907F6 /* StateMachineComponent.swift */ = {isa = PBXFileReference; lastKnownFileType = sourcecode.swift; path = StateMachineComponent.swift; sourceTree = "<group>"; };
		1C2B21F32BA77C87006928F5 /* GamePad.swift */ = {isa = PBXFileReference; lastKnownFileType = sourcecode.swift; path = GamePad.swift; sourceTree = "<group>"; };
		1C5F31D02B91A0A0006FE4DA /* AnimationPlayer.swift */ = {isa = PBXFileReference; lastKnownFileType = sourcecode.swift; path = AnimationPlayer.swift; sourceTree = "<group>"; };
		1C7C931A2B981EFC00B59858 /* AmazingBrentwood.swift */ = {isa = PBXFileReference; lastKnownFileType = sourcecode.swift; path = AmazingBrentwood.swift; sourceTree = "<group>"; };
		1C7C931C2B981F1200B59858 /* Stage.swift */ = {isa = PBXFileReference; lastKnownFileType = sourcecode.swift; path = Stage.swift; sourceTree = "<group>"; };
		1C7C93212B982C4A00B59858 /* PerpetualEnvironmentComponent.swift */ = {isa = PBXFileReference; lastKnownFileType = sourcecode.swift; path = PerpetualEnvironmentComponent.swift; sourceTree = "<group>"; };
		1CDA63052BB6497600B76510 /* InputProcessor.swift */ = {isa = PBXFileReference; lastKnownFileType = sourcecode.swift; path = InputProcessor.swift; sourceTree = "<group>"; };
		6948156A2BBB7D33008CF343 /* AudioManager.swift */ = {isa = PBXFileReference; lastKnownFileType = sourcecode.swift; path = AudioManager.swift; sourceTree = "<group>"; };
		6948156D2BBB82B5008CF343 /* Gouken_Menu_Theme.mp3 */ = {isa = PBXFileReference; lastKnownFileType = audio.mp3; name = Gouken_Menu_Theme.mp3; path = ../../../../Downloads/Gouken_Menu_Theme.mp3; sourceTree = "<group>"; };
		694815712BBB863E008CF343 /* Gouken_Battle_Theme.mp3 */ = {isa = PBXFileReference; lastKnownFileType = audio.mp3; path = Gouken_Battle_Theme.mp3; sourceTree = "<group>"; };
		694815792BBB8ACD008CF343 /* Running.mp3 */ = {isa = PBXFileReference; lastKnownFileType = audio.mp3; path = Running.mp3; sourceTree = "<group>"; };
		694815862BBB9CA2008CF343 /* Ninja_Hit_Effect.mp3 */ = {isa = PBXFileReference; lastKnownFileType = audio.mp3; name = Ninja_Hit_Effect.mp3; path = ../../../../Downloads/Ninja_Hit_Effect.mp3; sourceTree = "<group>"; };
		694815882BBB9D53008CF343 /* oof.mp3 */ = {isa = PBXFileReference; lastKnownFileType = audio.mp3; path = oof.mp3; sourceTree = "<group>"; };
		876792592BB77995009B05ED /* HitBox.swift */ = {isa = PBXFileReference; lastKnownFileType = sourcecode.swift; path = HitBox.swift; sourceTree = "<group>"; };
		954F76552B9D6DEE00CB7767 /* backgroundMusic.mp3 */ = {isa = PBXFileReference; lastKnownFileType = audio.mp3; path = backgroundMusic.mp3; sourceTree = "<group>"; };
		954F76572B9D6DF500CB7767 /* background.jpg */ = {isa = PBXFileReference; lastKnownFileType = image.jpeg; path = background.jpg; sourceTree = "<group>"; };
		954F765C2B9D6ED700CB7767 /* HurtBox.swift */ = {isa = PBXFileReference; lastKnownFileType = sourcecode.swift; path = HurtBox.swift; sourceTree = "<group>"; };
		954F765E2B9D6EF300CB7767 /* Colliders.swift */ = {isa = PBXFileReference; lastKnownFileType = sourcecode.swift; path = Colliders.swift; sourceTree = "<group>"; };
		95DBEA692BBA8A36001F04A7 /* NinjaJumpState.swift */ = {isa = PBXFileReference; lastKnownFileType = sourcecode.swift; path = NinjaJumpState.swift; sourceTree = "<group>"; };
		A5BA078B2BA7A5F00080B32E /* GameManager.swift */ = {isa = PBXFileReference; lastKnownFileType = sourcecode.swift; path = GameManager.swift; sourceTree = "<group>"; };
		A5D2DA652B981C4600A32416 /* MenuOverlay.swift */ = {isa = PBXFileReference; lastKnownFileType = sourcecode.swift; path = MenuOverlay.swift; sourceTree = "<group>"; };
		A5F20B4D2BB8CD0D00B6B56B /* HitBoxComponent.swift */ = {isa = PBXFileReference; lastKnownFileType = sourcecode.swift; path = HitBoxComponent.swift; sourceTree = "<group>"; };
		A5F20B502BB8E50700B6B56B /* NinjaMoveData.swift */ = {isa = PBXFileReference; lastKnownFileType = sourcecode.swift; path = NinjaMoveData.swift; sourceTree = "<group>"; };
		DB035DD52B984DAD0014C675 /* HealthComponent.swift */ = {isa = PBXFileReference; lastKnownFileType = sourcecode.swift; path = HealthComponent.swift; sourceTree = "<group>"; };
		DB035DD82B984F820014C675 /* NinjaStateMachine.swift */ = {isa = PBXFileReference; lastKnownFileType = sourcecode.swift; path = NinjaStateMachine.swift; sourceTree = "<group>"; };
		DB035DDB2B984FBF0014C675 /* NinjaBaseState.swift */ = {isa = PBXFileReference; lastKnownFileType = sourcecode.swift; path = NinjaBaseState.swift; sourceTree = "<group>"; };
		DB035DDD2B984FCB0014C675 /* NinjaDownedState.swift */ = {isa = PBXFileReference; lastKnownFileType = sourcecode.swift; path = NinjaDownedState.swift; sourceTree = "<group>"; };
		DB035DDF2B984FF40014C675 /* NinjaStunnedState.swift */ = {isa = PBXFileReference; lastKnownFileType = sourcecode.swift; path = NinjaStunnedState.swift; sourceTree = "<group>"; };
		DB035DE12B98509D0014C675 /* NinjaIdleState.swift */ = {isa = PBXFileReference; lastKnownFileType = sourcecode.swift; path = NinjaIdleState.swift; sourceTree = "<group>"; };
		DB035DE32B9861CA0014C675 /* NinjaAttackingState.swift */ = {isa = PBXFileReference; lastKnownFileType = sourcecode.swift; path = NinjaAttackingState.swift; sourceTree = "<group>"; };
		DB0BBABD2B7CA68200A7A585 /* CharacterStateMachine.swift */ = {isa = PBXFileReference; lastKnownFileType = sourcecode.swift; path = CharacterStateMachine.swift; sourceTree = "<group>"; };
		DB59F5682B89C71500B2D52D /* AnimationList.swift */ = {isa = PBXFileReference; lastKnownFileType = sourcecode.swift; path = AnimationList.swift; sourceTree = "<group>"; };
		DBC19D382B7BB38F007C7323 /* State.swift */ = {isa = PBXFileReference; lastKnownFileType = sourcecode.swift; path = State.swift; sourceTree = "<group>"; };
		DBF1C45C2B85A79300B40007 /* Overlay.swift */ = {isa = PBXFileReference; lastKnownFileType = sourcecode.swift; path = Overlay.swift; sourceTree = "<group>"; };
		DBF1C4602B85AB9800B40007 /* Overlay.sks */ = {isa = PBXFileReference; lastKnownFileType = file.sks; path = Overlay.sks; sourceTree = "<group>"; };
		DBF1C4622B85B9B200B40007 /* SceneKitExtensions.swift */ = {isa = PBXFileReference; lastKnownFileType = sourcecode.swift; path = SceneKitExtensions.swift; sourceTree = "<group>"; };
		F02176952B82B814000993B2 /* Character.swift */ = {isa = PBXFileReference; lastKnownFileType = sourcecode.swift; path = Character.swift; sourceTree = "<group>"; };
		F02176982B82B8D9000993B2 /* GameplayKit.framework */ = {isa = PBXFileReference; lastKnownFileType = wrapper.framework; name = GameplayKit.framework; path = System/Library/Frameworks/GameplayKit.framework; sourceTree = SDKROOT; };
		F021769B2B82B958000993B2 /* MovementComponent.swift */ = {isa = PBXFileReference; lastKnownFileType = sourcecode.swift; path = MovementComponent.swift; sourceTree = "<group>"; };
		F021769D2B82BBAF000993B2 /* EntityManager.swift */ = {isa = PBXFileReference; lastKnownFileType = sourcecode.swift; path = EntityManager.swift; sourceTree = "<group>"; };
		F02F5D562BB64FB000E0D5CD /* SerializableCharacter.swift */ = {isa = PBXFileReference; lastKnownFileType = sourcecode.swift; path = SerializableCharacter.swift; sourceTree = "<group>"; };
		F031DA072B7609EC00E3F4B5 /* Gouken.app */ = {isa = PBXFileReference; explicitFileType = wrapper.application; includeInIndex = 0; path = Gouken.app; sourceTree = BUILT_PRODUCTS_DIR; };
		F031DA0A2B7609EC00E3F4B5 /* AppDelegate.swift */ = {isa = PBXFileReference; lastKnownFileType = sourcecode.swift; path = AppDelegate.swift; sourceTree = "<group>"; };
		F031DA0C2B7609EC00E3F4B5 /* art.scnassets */ = {isa = PBXFileReference; lastKnownFileType = wrapper.scnassets; path = art.scnassets; sourceTree = "<group>"; };
		F031DA0E2B7609EC00E3F4B5 /* GameViewController.swift */ = {isa = PBXFileReference; lastKnownFileType = sourcecode.swift; path = GameViewController.swift; sourceTree = "<group>"; };
		F031DA112B7609EC00E3F4B5 /* Base */ = {isa = PBXFileReference; lastKnownFileType = file.storyboard; name = Base; path = Base.lproj/Main.storyboard; sourceTree = "<group>"; };
		F031DA132B7609ED00E3F4B5 /* Assets.xcassets */ = {isa = PBXFileReference; lastKnownFileType = folder.assetcatalog; path = Assets.xcassets; sourceTree = "<group>"; };
		F031DA162B7609ED00E3F4B5 /* Base */ = {isa = PBXFileReference; lastKnownFileType = file.storyboard; name = Base; path = Base.lproj/LaunchScreen.storyboard; sourceTree = "<group>"; };
		F045520E2BB4FEB600B64ADB /* MultipeerConnection.swift */ = {isa = PBXFileReference; lastKnownFileType = sourcecode.swift; path = MultipeerConnection.swift; sourceTree = "<group>"; };
		F05BD1102BB7616800C4BEB8 /* NinjaRunningRightState.swift */ = {isa = PBXFileReference; lastKnownFileType = sourcecode.swift; path = NinjaRunningRightState.swift; sourceTree = "<group>"; };
		F05BD1122BB7617D00C4BEB8 /* NinjaRunningLeftState.swift */ = {isa = PBXFileReference; lastKnownFileType = sourcecode.swift; path = NinjaRunningLeftState.swift; sourceTree = "<group>"; };
		F07920342BB541D800253960 /* Info.plist */ = {isa = PBXFileReference; lastKnownFileType = text.plist; path = Info.plist; sourceTree = "<group>"; };
		F087E8C52BB79988000E5261 /* Loading.gif */ = {isa = PBXFileReference; lastKnownFileType = image.gif; name = Loading.gif; path = /Downloads/Loading.gif; sourceTree = "<absolute>"; };
		F0CE712B2BBA29CE0083ABE5 /* PyramidOfGiza.swift */ = {isa = PBXFileReference; lastKnownFileType = sourcecode.swift; path = PyramidOfGiza.swift; sourceTree = "<group>"; };
/* End PBXFileReference section */

/* Begin PBXFrameworksBuildPhase section */
		F031DA042B7609EC00E3F4B5 /* Frameworks */ = {
			isa = PBXFrameworksBuildPhase;
			buildActionMask = 2147483647;
			files = (
				F02176992B82B8DA000993B2 /* GameplayKit.framework in Frameworks */,
				1CDA63092BB663F500B76510 /* Atomics in Frameworks */,
			);
			runOnlyForDeploymentPostprocessing = 0;
		};
/* End PBXFrameworksBuildPhase section */

/* Begin PBXGroup section */
		1C7C93182B981E6E00B59858 /* Stages */ = {
			isa = PBXGroup;
			children = (
				1C7C931C2B981F1200B59858 /* Stage.swift */,
				1C7C931A2B981EFC00B59858 /* AmazingBrentwood.swift */,
				F0CE712B2BBA29CE0083ABE5 /* PyramidOfGiza.swift */,
			);
			path = Stages;
			sourceTree = "<group>";
		};
		1CDA63042BB6490E00B76510 /* Input */ = {
			isa = PBXGroup;
			children = (
				1CDA63052BB6497600B76510 /* InputProcessor.swift */,
			);
			path = Input;
			sourceTree = "<group>";
		};
		954F76592B9D6E9200CB7767 /* Collisions */ = {
			isa = PBXGroup;
			children = (
				954F765C2B9D6ED700CB7767 /* HurtBox.swift */,
				954F765E2B9D6EF300CB7767 /* Colliders.swift */,
				876792592BB77995009B05ED /* HitBox.swift */,
			);
			path = Collisions;
			sourceTree = "<group>";
		};
		95DBEA682BBA0709001F04A7 /* Recovered References */ = {
			isa = PBXGroup;
			children = (
				F087E8C52BB79988000E5261 /* Loading.gif */,
			);
			name = "Recovered References";
			sourceTree = "<group>";
		};
		DB035DDA2B984FAF0014C675 /* Ninja */ = {
			isa = PBXGroup;
			children = (
				DB035DDB2B984FBF0014C675 /* NinjaBaseState.swift */,
				DB035DDD2B984FCB0014C675 /* NinjaDownedState.swift */,
				DB035DDF2B984FF40014C675 /* NinjaStunnedState.swift */,
				DB035DE12B98509D0014C675 /* NinjaIdleState.swift */,
				DB035DE32B9861CA0014C675 /* NinjaAttackingState.swift */,
				F05BD1102BB7616800C4BEB8 /* NinjaRunningRightState.swift */,
				F05BD1122BB7617D00C4BEB8 /* NinjaRunningLeftState.swift */,
				0AC469742BBA1B6800FC3866 /* NinjaBlockingState.swift */,
				95DBEA692BBA8A36001F04A7 /* NinjaJumpState.swift */,
			);
			path = Ninja;
			sourceTree = "<group>";
		};
		DBC19D342B7BAE2C007C7323 /* StateMachines */ = {
			isa = PBXGroup;
			children = (
				0ACBB7582BA5431E002907F6 /* StateMachineComponent.swift */,
				DB0BBABD2B7CA68200A7A585 /* CharacterStateMachine.swift */,
				DB035DD82B984F820014C675 /* NinjaStateMachine.swift */,
			);
			path = StateMachines;
			sourceTree = "<group>";
		};
		DBC19D352B7BAEA7007C7323 /* States */ = {
			isa = PBXGroup;
			children = (
				DBC19D382B7BB38F007C7323 /* State.swift */,
				DB035DDA2B984FAF0014C675 /* Ninja */,
			);
			path = States;
			sourceTree = "<group>";
		};
		DBF1C4592B85A48700B40007 /* UI */ = {
			isa = PBXGroup;
			children = (
				DBF1C4602B85AB9800B40007 /* Overlay.sks */,
				DBF1C45C2B85A79300B40007 /* Overlay.swift */,
				A5D2DA652B981C4600A32416 /* MenuOverlay.swift */,
				1C2B21F32BA77C87006928F5 /* GamePad.swift */,
			);
			path = UI;
			sourceTree = "<group>";
		};
		F02176942B82B7D0000993B2 /* GKEntities */ = {
			isa = PBXGroup;
			children = (
				F021769D2B82BBAF000993B2 /* EntityManager.swift */,
				F02176952B82B814000993B2 /* Character.swift */,
				A5BA078B2BA7A5F00080B32E /* GameManager.swift */,
				F021769A2B82B935000993B2 /* GKComponents */,
				F02F5D562BB64FB000E0D5CD /* SerializableCharacter.swift */,
				6948156A2BBB7D33008CF343 /* AudioManager.swift */,
			);
			path = GKEntities;
			sourceTree = "<group>";
		};
		F02176972B82B8D9000993B2 /* Frameworks */ = {
			isa = PBXGroup;
			children = (
				F02176982B82B8D9000993B2 /* GameplayKit.framework */,
			);
			name = Frameworks;
			sourceTree = "<group>";
		};
		F021769A2B82B935000993B2 /* GKComponents */ = {
			isa = PBXGroup;
			children = (
				F021769B2B82B958000993B2 /* MovementComponent.swift */,
				1C7C93212B982C4A00B59858 /* PerpetualEnvironmentComponent.swift */,
				DB035DD52B984DAD0014C675 /* HealthComponent.swift */,
				A5F20B4D2BB8CD0D00B6B56B /* HitBoxComponent.swift */,
				0ACBB7562BA51F39002907F6 /* AnimatorComponent.swift */,
			);
			path = GKComponents;
			sourceTree = "<group>";
		};
		F031D9FE2B7609EC00E3F4B5 = {
			isa = PBXGroup;
			children = (
				F031DA092B7609EC00E3F4B5 /* Gouken */,
				F031DA082B7609EC00E3F4B5 /* Products */,
				F02176972B82B8D9000993B2 /* Frameworks */,
				95DBEA682BBA0709001F04A7 /* Recovered References */,
			);
			sourceTree = "<group>";
		};
		F031DA082B7609EC00E3F4B5 /* Products */ = {
			isa = PBXGroup;
			children = (
				F031DA072B7609EC00E3F4B5 /* Gouken.app */,
			);
			name = Products;
			sourceTree = "<group>";
		};
		F031DA092B7609EC00E3F4B5 /* Gouken */ = {
			isa = PBXGroup;
			children = (
				1CDA63042BB6490E00B76510 /* Input */,
				F07920342BB541D800253960 /* Info.plist */,
				F045520D2BB4FE1800B64ADB /* Multipeer */,
				954F76592B9D6E9200CB7767 /* Collisions */,
				1C7C93182B981E6E00B59858 /* Stages */,
				DBF1C4592B85A48700B40007 /* UI */,
				DBC19D352B7BAEA7007C7323 /* States */,
				DBC19D342B7BAE2C007C7323 /* StateMachines */,
				F02176942B82B7D0000993B2 /* GKEntities */,
				F031DA0A2B7609EC00E3F4B5 /* AppDelegate.swift */,
				F031DA0C2B7609EC00E3F4B5 /* art.scnassets */,
				F031DA0E2B7609EC00E3F4B5 /* GameViewController.swift */,
				694815882BBB9D53008CF343 /* oof.mp3 */,
				694815862BBB9CA2008CF343 /* Ninja_Hit_Effect.mp3 */,
				694815792BBB8ACD008CF343 /* Running.mp3 */,
				6948156D2BBB82B5008CF343 /* Gouken_Menu_Theme.mp3 */,
				694815712BBB863E008CF343 /* Gouken_Battle_Theme.mp3 */,
				F031DA102B7609EC00E3F4B5 /* Main.storyboard */,
				F031DA132B7609ED00E3F4B5 /* Assets.xcassets */,
				954F76572B9D6DF500CB7767 /* background.jpg */,
				954F76552B9D6DEE00CB7767 /* backgroundMusic.mp3 */,
				F031DA152B7609ED00E3F4B5 /* LaunchScreen.storyboard */,
				DBF1C4622B85B9B200B40007 /* SceneKitExtensions.swift */,
				DB59F5682B89C71500B2D52D /* AnimationList.swift */,
				1C5F31D02B91A0A0006FE4DA /* AnimationPlayer.swift */,
				A5F20B502BB8E50700B6B56B /* NinjaMoveData.swift */,
			);
			path = Gouken;
			sourceTree = "<group>";
		};
		F045520D2BB4FE1800B64ADB /* Multipeer */ = {
			isa = PBXGroup;
			children = (
				F045520E2BB4FEB600B64ADB /* MultipeerConnection.swift */,
			);
			path = Multipeer;
			sourceTree = "<group>";
		};
/* End PBXGroup section */

/* Begin PBXNativeTarget section */
		F031DA062B7609EC00E3F4B5 /* Gouken */ = {
			isa = PBXNativeTarget;
			buildConfigurationList = F031DA1A2B7609ED00E3F4B5 /* Build configuration list for PBXNativeTarget "Gouken" */;
			buildPhases = (
				F031DA032B7609EC00E3F4B5 /* Sources */,
				F031DA042B7609EC00E3F4B5 /* Frameworks */,
				F031DA052B7609EC00E3F4B5 /* Resources */,
			);
			buildRules = (
			);
			dependencies = (
			);
			name = Gouken;
			packageProductDependencies = (
				1CDA63082BB663F500B76510 /* Atomics */,
			);
			productName = Gouken;
			productReference = F031DA072B7609EC00E3F4B5 /* Gouken.app */;
			productType = "com.apple.product-type.application";
		};
/* End PBXNativeTarget section */

/* Begin PBXProject section */
		F031D9FF2B7609EC00E3F4B5 /* Project object */ = {
			isa = PBXProject;
			attributes = {
				BuildIndependentTargetsInParallel = 1;
				LastSwiftUpdateCheck = 1520;
				LastUpgradeCheck = 1520;
				TargetAttributes = {
					F031DA062B7609EC00E3F4B5 = {
						CreatedOnToolsVersion = 15.2;
					};
				};
			};
			buildConfigurationList = F031DA022B7609EC00E3F4B5 /* Build configuration list for PBXProject "Gouken" */;
			compatibilityVersion = "Xcode 14.0";
			developmentRegion = en;
			hasScannedForEncodings = 0;
			knownRegions = (
				en,
				Base,
			);
			mainGroup = F031D9FE2B7609EC00E3F4B5;
			packageReferences = (
				1CDA63072BB663F500B76510 /* XCRemoteSwiftPackageReference "swift-atomics" */,
			);
			productRefGroup = F031DA082B7609EC00E3F4B5 /* Products */;
			projectDirPath = "";
			projectRoot = "";
			targets = (
				F031DA062B7609EC00E3F4B5 /* Gouken */,
			);
		};
/* End PBXProject section */

/* Begin PBXResourcesBuildPhase section */
		F031DA052B7609EC00E3F4B5 /* Resources */ = {
			isa = PBXResourcesBuildPhase;
			buildActionMask = 2147483647;
			files = (
				F031DA0D2B7609EC00E3F4B5 /* art.scnassets in Resources */,
				DBF1C4612B85AB9800B40007 /* Overlay.sks in Resources */,
				6948157A2BBB8ACD008CF343 /* Running.mp3 in Resources */,
				6948156E2BBB82B5008CF343 /* Gouken_Menu_Theme.mp3 in Resources */,
				954F76582B9D6DF500CB7767 /* background.jpg in Resources */,
				694815722BBB863E008CF343 /* Gouken_Battle_Theme.mp3 in Resources */,
				954F76562B9D6DEE00CB7767 /* backgroundMusic.mp3 in Resources */,
				F031DA172B7609ED00E3F4B5 /* LaunchScreen.storyboard in Resources */,
				F031DA142B7609ED00E3F4B5 /* Assets.xcassets in Resources */,
				694815892BBB9D53008CF343 /* oof.mp3 in Resources */,
				694815872BBB9CA2008CF343 /* Ninja_Hit_Effect.mp3 in Resources */,
				F031DA122B7609EC00E3F4B5 /* Main.storyboard in Resources */,
			);
			runOnlyForDeploymentPostprocessing = 0;
		};
/* End PBXResourcesBuildPhase section */

/* Begin PBXSourcesBuildPhase section */
		F031DA032B7609EC00E3F4B5 /* Sources */ = {
			isa = PBXSourcesBuildPhase;
			buildActionMask = 2147483647;
			files = (
				DBF1C45D2B85A79300B40007 /* Overlay.swift in Sources */,
				F021769E2B82BBAF000993B2 /* EntityManager.swift in Sources */,
				F021769C2B82B958000993B2 /* MovementComponent.swift in Sources */,
				95DBEA6A2BBA8A36001F04A7 /* NinjaJumpState.swift in Sources */,
				8767925A2BB77995009B05ED /* HitBox.swift in Sources */,
				DB035DDC2B984FBF0014C675 /* NinjaBaseState.swift in Sources */,
				1C7C93222B982C4A00B59858 /* PerpetualEnvironmentComponent.swift in Sources */,
				F0CE712C2BBA29CE0083ABE5 /* PyramidOfGiza.swift in Sources */,
				F02176962B82B814000993B2 /* Character.swift in Sources */,
				0ACBB7572BA51F39002907F6 /* AnimatorComponent.swift in Sources */,
				F031DA0F2B7609EC00E3F4B5 /* GameViewController.swift in Sources */,
				DBF1C4632B85B9B200B40007 /* SceneKitExtensions.swift in Sources */,
				1CDA63062BB6497600B76510 /* InputProcessor.swift in Sources */,
				F05BD1112BB7616800C4BEB8 /* NinjaRunningRightState.swift in Sources */,
				A5D2DA662B981C4600A32416 /* MenuOverlay.swift in Sources */,
				DBC19D392B7BB38F007C7323 /* State.swift in Sources */,
				DB035DDE2B984FCB0014C675 /* NinjaDownedState.swift in Sources */,
				DB59F5692B89C71500B2D52D /* AnimationList.swift in Sources */,
				DB035DD62B984DAD0014C675 /* HealthComponent.swift in Sources */,
				DB035DE42B9861CA0014C675 /* NinjaAttackingState.swift in Sources */,
				A5BA078C2BA7A5F00080B32E /* GameManager.swift in Sources */,
				0AC469752BBA1B6800FC3866 /* NinjaBlockingState.swift in Sources */,
				A5F20B4E2BB8CD0D00B6B56B /* HitBoxComponent.swift in Sources */,
				A5F20B512BB8E50700B6B56B /* NinjaMoveData.swift in Sources */,
				DB035DD92B984F820014C675 /* NinjaStateMachine.swift in Sources */,
				DB035DE22B98509D0014C675 /* NinjaIdleState.swift in Sources */,
				F05BD1132BB7617D00C4BEB8 /* NinjaRunningLeftState.swift in Sources */,
				1C7C931D2B981F1200B59858 /* Stage.swift in Sources */,
				1C7C931B2B981EFC00B59858 /* AmazingBrentwood.swift in Sources */,
				954F765D2B9D6ED700CB7767 /* HurtBox.swift in Sources */,
				1C2B21F42BA77C87006928F5 /* GamePad.swift in Sources */,
				F02F5D572BB64FB000E0D5CD /* SerializableCharacter.swift in Sources */,
				954F765D2B9D6ED700CB7767 /* HurtBox.swift in Sources */,
				F02F5D572BB64FB000E0D5CD /* SerializableCharacter.swift in Sources */,
				DB035DE02B984FF40014C675 /* NinjaStunnedState.swift in Sources */,
				1C5F31D12B91A0A0006FE4DA /* AnimationPlayer.swift in Sources */,
				6948156B2BBB7D33008CF343 /* AudioManager.swift in Sources */,
				DB0BBABE2B7CA68200A7A585 /* CharacterStateMachine.swift in Sources */,
				F031DA0B2B7609EC00E3F4B5 /* AppDelegate.swift in Sources */,
				954F765F2B9D6EF300CB7767 /* Colliders.swift in Sources */,
				F045520F2BB4FEB600B64ADB /* MultipeerConnection.swift in Sources */,
				0ACBB7592BA5431E002907F6 /* StateMachineComponent.swift in Sources */,
			);
			runOnlyForDeploymentPostprocessing = 0;
		};
/* End PBXSourcesBuildPhase section */

/* Begin PBXVariantGroup section */
		F031DA102B7609EC00E3F4B5 /* Main.storyboard */ = {
			isa = PBXVariantGroup;
			children = (
				F031DA112B7609EC00E3F4B5 /* Base */,
			);
			name = Main.storyboard;
			sourceTree = "<group>";
		};
		F031DA152B7609ED00E3F4B5 /* LaunchScreen.storyboard */ = {
			isa = PBXVariantGroup;
			children = (
				F031DA162B7609ED00E3F4B5 /* Base */,
			);
			name = LaunchScreen.storyboard;
			sourceTree = "<group>";
		};
/* End PBXVariantGroup section */

/* Begin XCBuildConfiguration section */
		F031DA182B7609ED00E3F4B5 /* Debug */ = {
			isa = XCBuildConfiguration;
			buildSettings = {
				ALWAYS_SEARCH_USER_PATHS = NO;
				ASSETCATALOG_COMPILER_GENERATE_SWIFT_ASSET_SYMBOL_EXTENSIONS = YES;
				CLANG_ANALYZER_NONNULL = YES;
				CLANG_ANALYZER_NUMBER_OBJECT_CONVERSION = YES_AGGRESSIVE;
				CLANG_CXX_LANGUAGE_STANDARD = "gnu++20";
				CLANG_ENABLE_MODULES = YES;
				CLANG_ENABLE_OBJC_ARC = YES;
				CLANG_ENABLE_OBJC_WEAK = YES;
				CLANG_WARN_BLOCK_CAPTURE_AUTORELEASING = YES;
				CLANG_WARN_BOOL_CONVERSION = YES;
				CLANG_WARN_COMMA = YES;
				CLANG_WARN_CONSTANT_CONVERSION = YES;
				CLANG_WARN_DEPRECATED_OBJC_IMPLEMENTATIONS = YES;
				CLANG_WARN_DIRECT_OBJC_ISA_USAGE = YES_ERROR;
				CLANG_WARN_DOCUMENTATION_COMMENTS = YES;
				CLANG_WARN_EMPTY_BODY = YES;
				CLANG_WARN_ENUM_CONVERSION = YES;
				CLANG_WARN_INFINITE_RECURSION = YES;
				CLANG_WARN_INT_CONVERSION = YES;
				CLANG_WARN_NON_LITERAL_NULL_CONVERSION = YES;
				CLANG_WARN_OBJC_IMPLICIT_RETAIN_SELF = YES;
				CLANG_WARN_OBJC_LITERAL_CONVERSION = YES;
				CLANG_WARN_OBJC_ROOT_CLASS = YES_ERROR;
				CLANG_WARN_QUOTED_INCLUDE_IN_FRAMEWORK_HEADER = YES;
				CLANG_WARN_RANGE_LOOP_ANALYSIS = YES;
				CLANG_WARN_STRICT_PROTOTYPES = YES;
				CLANG_WARN_SUSPICIOUS_MOVE = YES;
				CLANG_WARN_UNGUARDED_AVAILABILITY = YES_AGGRESSIVE;
				CLANG_WARN_UNREACHABLE_CODE = YES;
				CLANG_WARN__DUPLICATE_METHOD_MATCH = YES;
				COPY_PHASE_STRIP = NO;
				DEBUG_INFORMATION_FORMAT = dwarf;
				ENABLE_STRICT_OBJC_MSGSEND = YES;
				ENABLE_TESTABILITY = YES;
				ENABLE_USER_SCRIPT_SANDBOXING = YES;
				GCC_C_LANGUAGE_STANDARD = gnu17;
				GCC_DYNAMIC_NO_PIC = NO;
				GCC_NO_COMMON_BLOCKS = YES;
				GCC_OPTIMIZATION_LEVEL = 0;
				GCC_PREPROCESSOR_DEFINITIONS = (
					"DEBUG=1",
					"$(inherited)",
				);
				GCC_WARN_64_TO_32_BIT_CONVERSION = YES;
				GCC_WARN_ABOUT_RETURN_TYPE = YES_ERROR;
				GCC_WARN_UNDECLARED_SELECTOR = YES;
				GCC_WARN_UNINITIALIZED_AUTOS = YES_AGGRESSIVE;
				GCC_WARN_UNUSED_FUNCTION = YES;
				GCC_WARN_UNUSED_VARIABLE = YES;
				IPHONEOS_DEPLOYMENT_TARGET = 17.0;
				LOCALIZATION_PREFERS_STRING_CATALOGS = YES;
				MTL_ENABLE_DEBUG_INFO = INCLUDE_SOURCE;
				MTL_FAST_MATH = YES;
				ONLY_ACTIVE_ARCH = YES;
				SDKROOT = iphoneos;
				SWIFT_ACTIVE_COMPILATION_CONDITIONS = "DEBUG $(inherited)";
				SWIFT_OPTIMIZATION_LEVEL = "-Onone";
			};
			name = Debug;
		};
		F031DA192B7609ED00E3F4B5 /* Release */ = {
			isa = XCBuildConfiguration;
			buildSettings = {
				ALWAYS_SEARCH_USER_PATHS = NO;
				ASSETCATALOG_COMPILER_GENERATE_SWIFT_ASSET_SYMBOL_EXTENSIONS = YES;
				CLANG_ANALYZER_NONNULL = YES;
				CLANG_ANALYZER_NUMBER_OBJECT_CONVERSION = YES_AGGRESSIVE;
				CLANG_CXX_LANGUAGE_STANDARD = "gnu++20";
				CLANG_ENABLE_MODULES = YES;
				CLANG_ENABLE_OBJC_ARC = YES;
				CLANG_ENABLE_OBJC_WEAK = YES;
				CLANG_WARN_BLOCK_CAPTURE_AUTORELEASING = YES;
				CLANG_WARN_BOOL_CONVERSION = YES;
				CLANG_WARN_COMMA = YES;
				CLANG_WARN_CONSTANT_CONVERSION = YES;
				CLANG_WARN_DEPRECATED_OBJC_IMPLEMENTATIONS = YES;
				CLANG_WARN_DIRECT_OBJC_ISA_USAGE = YES_ERROR;
				CLANG_WARN_DOCUMENTATION_COMMENTS = YES;
				CLANG_WARN_EMPTY_BODY = YES;
				CLANG_WARN_ENUM_CONVERSION = YES;
				CLANG_WARN_INFINITE_RECURSION = YES;
				CLANG_WARN_INT_CONVERSION = YES;
				CLANG_WARN_NON_LITERAL_NULL_CONVERSION = YES;
				CLANG_WARN_OBJC_IMPLICIT_RETAIN_SELF = YES;
				CLANG_WARN_OBJC_LITERAL_CONVERSION = YES;
				CLANG_WARN_OBJC_ROOT_CLASS = YES_ERROR;
				CLANG_WARN_QUOTED_INCLUDE_IN_FRAMEWORK_HEADER = YES;
				CLANG_WARN_RANGE_LOOP_ANALYSIS = YES;
				CLANG_WARN_STRICT_PROTOTYPES = YES;
				CLANG_WARN_SUSPICIOUS_MOVE = YES;
				CLANG_WARN_UNGUARDED_AVAILABILITY = YES_AGGRESSIVE;
				CLANG_WARN_UNREACHABLE_CODE = YES;
				CLANG_WARN__DUPLICATE_METHOD_MATCH = YES;
				COPY_PHASE_STRIP = NO;
				DEBUG_INFORMATION_FORMAT = "dwarf-with-dsym";
				ENABLE_NS_ASSERTIONS = NO;
				ENABLE_STRICT_OBJC_MSGSEND = YES;
				ENABLE_USER_SCRIPT_SANDBOXING = YES;
				GCC_C_LANGUAGE_STANDARD = gnu17;
				GCC_NO_COMMON_BLOCKS = YES;
				GCC_WARN_64_TO_32_BIT_CONVERSION = YES;
				GCC_WARN_ABOUT_RETURN_TYPE = YES_ERROR;
				GCC_WARN_UNDECLARED_SELECTOR = YES;
				GCC_WARN_UNINITIALIZED_AUTOS = YES_AGGRESSIVE;
				GCC_WARN_UNUSED_FUNCTION = YES;
				GCC_WARN_UNUSED_VARIABLE = YES;
				IPHONEOS_DEPLOYMENT_TARGET = 17.0;
				LOCALIZATION_PREFERS_STRING_CATALOGS = YES;
				MTL_ENABLE_DEBUG_INFO = NO;
				MTL_FAST_MATH = YES;
				SDKROOT = iphoneos;
				SWIFT_COMPILATION_MODE = wholemodule;
				VALIDATE_PRODUCT = YES;
			};
			name = Release;
		};
		F031DA1B2B7609ED00E3F4B5 /* Debug */ = {
			isa = XCBuildConfiguration;
			buildSettings = {
				ASSETCATALOG_COMPILER_APPICON_NAME = AppIcon;
				ASSETCATALOG_COMPILER_GLOBAL_ACCENT_COLOR_NAME = AccentColor;
				CODE_SIGN_STYLE = Automatic;
				CURRENT_PROJECT_VERSION = 1;
				DEVELOPMENT_TEAM = WM87T6723B;
				GENERATE_INFOPLIST_FILE = YES;
				INFOPLIST_FILE = Gouken/Info.plist;
				INFOPLIST_KEY_NSLocalNetworkUsageDescription = "";
				INFOPLIST_KEY_UIApplicationSupportsIndirectInputEvents = YES;
				INFOPLIST_KEY_UILaunchStoryboardName = LaunchScreen;
				INFOPLIST_KEY_UIMainStoryboardFile = Main;
				INFOPLIST_KEY_UIStatusBarHidden = YES;
				INFOPLIST_KEY_UISupportedInterfaceOrientations = "UIInterfaceOrientationLandscapeLeft UIInterfaceOrientationLandscapeRight";
				INFOPLIST_KEY_UISupportedInterfaceOrientations_iPad = "UIInterfaceOrientationLandscapeLeft UIInterfaceOrientationLandscapeRight UIInterfaceOrientationPortrait UIInterfaceOrientationPortraitUpsideDown";
				IPHONEOS_DEPLOYMENT_TARGET = 16.5;
				LD_RUNPATH_SEARCH_PATHS = (
					"$(inherited)",
					"@executable_path/Frameworks",
				);
				MARKETING_VERSION = 1.0;
				PRODUCT_BUNDLE_IDENTIFIER = BCIT.Gouken;
				PRODUCT_NAME = "$(TARGET_NAME)";
				SWIFT_EMIT_LOC_STRINGS = YES;
				SWIFT_VERSION = 5.0;
				TARGETED_DEVICE_FAMILY = "1,2";
			};
			name = Debug;
		};
		F031DA1C2B7609ED00E3F4B5 /* Release */ = {
			isa = XCBuildConfiguration;
			buildSettings = {
				ASSETCATALOG_COMPILER_APPICON_NAME = AppIcon;
				ASSETCATALOG_COMPILER_GLOBAL_ACCENT_COLOR_NAME = AccentColor;
				CODE_SIGN_STYLE = Automatic;
				CURRENT_PROJECT_VERSION = 1;
				DEVELOPMENT_TEAM = WM87T6723B;
				GENERATE_INFOPLIST_FILE = YES;
				INFOPLIST_FILE = Gouken/Info.plist;
				INFOPLIST_KEY_NSLocalNetworkUsageDescription = "";
				INFOPLIST_KEY_UIApplicationSupportsIndirectInputEvents = YES;
				INFOPLIST_KEY_UILaunchStoryboardName = LaunchScreen;
				INFOPLIST_KEY_UIMainStoryboardFile = Main;
				INFOPLIST_KEY_UIStatusBarHidden = YES;
				INFOPLIST_KEY_UISupportedInterfaceOrientations = "UIInterfaceOrientationLandscapeLeft UIInterfaceOrientationLandscapeRight";
				INFOPLIST_KEY_UISupportedInterfaceOrientations_iPad = "UIInterfaceOrientationLandscapeLeft UIInterfaceOrientationLandscapeRight UIInterfaceOrientationPortrait UIInterfaceOrientationPortraitUpsideDown";
				IPHONEOS_DEPLOYMENT_TARGET = 16.5;
				LD_RUNPATH_SEARCH_PATHS = (
					"$(inherited)",
					"@executable_path/Frameworks",
				);
				MARKETING_VERSION = 1.0;
				PRODUCT_BUNDLE_IDENTIFIER = BCIT.Gouken;
				PRODUCT_NAME = "$(TARGET_NAME)";
				SWIFT_EMIT_LOC_STRINGS = YES;
				SWIFT_VERSION = 5.0;
				TARGETED_DEVICE_FAMILY = "1,2";
			};
			name = Release;
		};
/* End XCBuildConfiguration section */

/* Begin XCConfigurationList section */
		F031DA022B7609EC00E3F4B5 /* Build configuration list for PBXProject "Gouken" */ = {
			isa = XCConfigurationList;
			buildConfigurations = (
				F031DA182B7609ED00E3F4B5 /* Debug */,
				F031DA192B7609ED00E3F4B5 /* Release */,
			);
			defaultConfigurationIsVisible = 0;
			defaultConfigurationName = Release;
		};
		F031DA1A2B7609ED00E3F4B5 /* Build configuration list for PBXNativeTarget "Gouken" */ = {
			isa = XCConfigurationList;
			buildConfigurations = (
				F031DA1B2B7609ED00E3F4B5 /* Debug */,
				F031DA1C2B7609ED00E3F4B5 /* Release */,
			);
			defaultConfigurationIsVisible = 0;
			defaultConfigurationName = Release;
		};
/* End XCConfigurationList section */

/* Begin XCRemoteSwiftPackageReference section */
		1CDA63072BB663F500B76510 /* XCRemoteSwiftPackageReference "swift-atomics" */ = {
			isa = XCRemoteSwiftPackageReference;
			repositoryURL = "https://github.com/apple/swift-atomics.git";
			requirement = {
				kind = upToNextMajorVersion;
				minimumVersion = 1.2.0;
			};
		};
/* End XCRemoteSwiftPackageReference section */

/* Begin XCSwiftPackageProductDependency section */
		1CDA63082BB663F500B76510 /* Atomics */ = {
			isa = XCSwiftPackageProductDependency;
			package = 1CDA63072BB663F500B76510 /* XCRemoteSwiftPackageReference "swift-atomics" */;
			productName = Atomics;
		};
/* End XCSwiftPackageProductDependency section */
	};
	rootObject = F031D9FF2B7609EC00E3F4B5 /* Project object */;
}
