// !$*UTF8*$!
{
	archiveVersion = 1;
	classes = {
	};
	objectVersion = 56;
	objects = {

/* Begin PBXBuildFile section */
		2E734BCB2B5AEAC90098B66F /* Assignment_1App.swift in Sources */ = {isa = PBXBuildFile; fileRef = 2E734BCA2B5AEAC90098B66F /* Assignment_1App.swift */; };
		2E734BCD2B5AEAC90098B66F /* ContentView.swift in Sources */ = {isa = PBXBuildFile; fileRef = 2E734BCC2B5AEAC90098B66F /* ContentView.swift */; };
		2E734BCF2B5AEACA0098B66F /* Assets.xcassets in Resources */ = {isa = PBXBuildFile; fileRef = 2E734BCE2B5AEACA0098B66F /* Assets.xcassets */; };
		2E734BD22B5AEACA0098B66F /* Preview Assets.xcassets in Resources */ = {isa = PBXBuildFile; fileRef = 2E734BD12B5AEACA0098B66F /* Preview Assets.xcassets */; };
		2E734BDA2B5AED7F0098B66F /* Lab02.swift in Sources */ = {isa = PBXBuildFile; fileRef = 2E734BD92B5AED7F0098B66F /* Lab02.swift */; };
		2E734BDE2B5AEFFD0098B66F /* Lab01.swift in Sources */ = {isa = PBXBuildFile; fileRef = 2E734BDD2B5AEFFD0098B66F /* Lab01.swift */; };
		2E734BE02B5AF0410098B66F /* Assignment1.swift in Sources */ = {isa = PBXBuildFile; fileRef = 2E734BDF2B5AF0410098B66F /* Assignment1.swift */; };
		2E734BE22B5AF4C60098B66F /* Lab03.swift in Sources */ = {isa = PBXBuildFile; fileRef = 2E734BE12B5AF4C60098B66F /* Lab03.swift */; };
		F0B5C20D2B632EE1007C0476 /* Lab04.swift in Sources */ = {isa = PBXBuildFile; fileRef = F0B5C20C2B632EE0007C0476 /* Lab04.swift */; };
		F0B5C20F2B632EE5007C0476 /* Lab05.swift in Sources */ = {isa = PBXBuildFile; fileRef = F0B5C20E2B632EE5007C0476 /* Lab05.swift */; };
/* End PBXBuildFile section */

/* Begin PBXFileReference section */
		2E734BC72B5AEAC90098B66F /* Assignment_1.app */ = {isa = PBXFileReference; explicitFileType = wrapper.application; includeInIndex = 0; path = Assignment_1.app; sourceTree = BUILT_PRODUCTS_DIR; };
		2E734BCA2B5AEAC90098B66F /* Assignment_1App.swift */ = {isa = PBXFileReference; lastKnownFileType = sourcecode.swift; path = Assignment_1App.swift; sourceTree = "<group>"; };
		2E734BCC2B5AEAC90098B66F /* ContentView.swift */ = {isa = PBXFileReference; lastKnownFileType = sourcecode.swift; path = ContentView.swift; sourceTree = "<group>"; };
		2E734BCE2B5AEACA0098B66F /* Assets.xcassets */ = {isa = PBXFileReference; lastKnownFileType = folder.assetcatalog; path = Assets.xcassets; sourceTree = "<group>"; };
		2E734BD12B5AEACA0098B66F /* Preview Assets.xcassets */ = {isa = PBXFileReference; lastKnownFileType = folder.assetcatalog; path = "Preview Assets.xcassets"; sourceTree = "<group>"; };
		2E734BD92B5AED7F0098B66F /* Lab02.swift */ = {isa = PBXFileReference; lastKnownFileType = sourcecode.swift; path = Lab02.swift; sourceTree = "<group>"; };
		2E734BDD2B5AEFFD0098B66F /* Lab01.swift */ = {isa = PBXFileReference; lastKnownFileType = sourcecode.swift; path = Lab01.swift; sourceTree = "<group>"; };
		2E734BDF2B5AF0410098B66F /* Assignment1.swift */ = {isa = PBXFileReference; lastKnownFileType = sourcecode.swift; path = Assignment1.swift; sourceTree = "<group>"; };
		2E734BE12B5AF4C60098B66F /* Lab03.swift */ = {isa = PBXFileReference; lastKnownFileType = sourcecode.swift; path = Lab03.swift; sourceTree = "<group>"; };
		F0B5C20C2B632EE0007C0476 /* Lab04.swift */ = {isa = PBXFileReference; fileEncoding = 4; lastKnownFileType = sourcecode.swift; name = Lab04.swift; path = ../../../Downloads/Lab04.swift; sourceTree = "<group>"; };
		F0B5C20E2B632EE5007C0476 /* Lab05.swift */ = {isa = PBXFileReference; fileEncoding = 4; lastKnownFileType = sourcecode.swift; name = Lab05.swift; path = ../../../Downloads/Lab05.swift; sourceTree = "<group>"; };
/* End PBXFileReference section */

/* Begin PBXFrameworksBuildPhase section */
		2E734BC42B5AEAC90098B66F /* Frameworks */ = {
			isa = PBXFrameworksBuildPhase;
			buildActionMask = 2147483647;
			files = (
			);
			runOnlyForDeploymentPostprocessing = 0;
		};
/* End PBXFrameworksBuildPhase section */

/* Begin PBXGroup section */
		2E734BBE2B5AEAC90098B66F = {
			isa = PBXGroup;
			children = (
				2E734BC92B5AEAC90098B66F /* Assignment_1 */,
				2E734BC82B5AEAC90098B66F /* Products */,
			);
			sourceTree = "<group>";
		};
		2E734BC82B5AEAC90098B66F /* Products */ = {
			isa = PBXGroup;
			children = (
				2E734BC72B5AEAC90098B66F /* Assignment_1.app */,
			);
			name = Products;
			sourceTree = "<group>";
		};
		2E734BC92B5AEAC90098B66F /* Assignment_1 */ = {
			isa = PBXGroup;
			children = (
				2E734BDD2B5AEFFD0098B66F /* Lab01.swift */,
				2E734BD92B5AED7F0098B66F /* Lab02.swift */,
				2E734BE12B5AF4C60098B66F /* Lab03.swift */,
				F0B5C20C2B632EE0007C0476 /* Lab04.swift */,
				F0B5C20E2B632EE5007C0476 /* Lab05.swift */,
				2E734BDF2B5AF0410098B66F /* Assignment1.swift */,
				2E734BCA2B5AEAC90098B66F /* Assignment_1App.swift */,
				2E734BCC2B5AEAC90098B66F /* ContentView.swift */,
				2E734BCE2B5AEACA0098B66F /* Assets.xcassets */,
				2E734BD02B5AEACA0098B66F /* Preview Content */,
			);
			path = Assignment_1;
			sourceTree = "<group>";
		};
		2E734BD02B5AEACA0098B66F /* Preview Content */ = {
			isa = PBXGroup;
			children = (
				2E734BD12B5AEACA0098B66F /* Preview Assets.xcassets */,
			);
			path = "Preview Content";
			sourceTree = "<group>";
		};
/* End PBXGroup section */

/* Begin PBXNativeTarget section */
		2E734BC62B5AEAC90098B66F /* Assignment_1 */ = {
			isa = PBXNativeTarget;
			buildConfigurationList = 2E734BD52B5AEACA0098B66F /* Build configuration list for PBXNativeTarget "Assignment_1" */;
			buildPhases = (
				2E734BC32B5AEAC90098B66F /* Sources */,
				2E734BC42B5AEAC90098B66F /* Frameworks */,
				2E734BC52B5AEAC90098B66F /* Resources */,
			);
			buildRules = (
			);
			dependencies = (
			);
			name = Assignment_1;
			productName = Assignment_1;
			productReference = 2E734BC72B5AEAC90098B66F /* Assignment_1.app */;
			productType = "com.apple.product-type.application";
		};
/* End PBXNativeTarget section */

/* Begin PBXProject section */
		2E734BBF2B5AEAC90098B66F /* Project object */ = {
			isa = PBXProject;
			attributes = {
				BuildIndependentTargetsInParallel = 1;
				LastSwiftUpdateCheck = 1520;
				LastUpgradeCheck = 1520;
				TargetAttributes = {
					2E734BC62B5AEAC90098B66F = {
						CreatedOnToolsVersion = 15.2;
					};
				};
			};
			buildConfigurationList = 2E734BC22B5AEAC90098B66F /* Build configuration list for PBXProject "Assignment_1" */;
			compatibilityVersion = "Xcode 14.0";
			developmentRegion = en;
			hasScannedForEncodings = 0;
			knownRegions = (
				en,
				Base,
			);
			mainGroup = 2E734BBE2B5AEAC90098B66F;
			productRefGroup = 2E734BC82B5AEAC90098B66F /* Products */;
			projectDirPath = "";
			projectRoot = "";
			targets = (
				2E734BC62B5AEAC90098B66F /* Assignment_1 */,
			);
		};
/* End PBXProject section */

/* Begin PBXResourcesBuildPhase section */
		2E734BC52B5AEAC90098B66F /* Resources */ = {
			isa = PBXResourcesBuildPhase;
			buildActionMask = 2147483647;
			files = (
				2E734BD22B5AEACA0098B66F /* Preview Assets.xcassets in Resources */,
				2E734BCF2B5AEACA0098B66F /* Assets.xcassets in Resources */,
			);
			runOnlyForDeploymentPostprocessing = 0;
		};
/* End PBXResourcesBuildPhase section */

/* Begin PBXSourcesBuildPhase section */
		2E734BC32B5AEAC90098B66F /* Sources */ = {
			isa = PBXSourcesBuildPhase;
			buildActionMask = 2147483647;
			files = (
				2E734BE02B5AF0410098B66F /* Assignment1.swift in Sources */,
				2E734BCD2B5AEAC90098B66F /* ContentView.swift in Sources */,
				F0B5C20F2B632EE5007C0476 /* Lab05.swift in Sources */,
				2E734BE22B5AF4C60098B66F /* Lab03.swift in Sources */,
				2E734BCB2B5AEAC90098B66F /* Assignment_1App.swift in Sources */,
				F0B5C20D2B632EE1007C0476 /* Lab04.swift in Sources */,
				2E734BDE2B5AEFFD0098B66F /* Lab01.swift in Sources */,
				2E734BDA2B5AED7F0098B66F /* Lab02.swift in Sources */,
			);
			runOnlyForDeploymentPostprocessing = 0;
		};
/* End PBXSourcesBuildPhase section */

/* Begin XCBuildConfiguration section */
		2E734BD32B5AEACA0098B66F /* Debug */ = {
			isa = XCBuildConfiguration;
			buildSettings = {
				ALWAYS_SEARCH_USER_PATHS = NO;
				ASSETCATALOG_COMPILER_GENERATE_SWIFT_ASSET_SYMBOL_EXTENSIONS = YES;
				CLANG_ANALYZER_NONNULL = YES;
				CLANG_ANALYZER_NUMBER_OBJECT_CONVERSION = YES_AGGRESSIVE;
				CLANG_CXX_LANGUAGE_STANDARD = "gnu++20";
				CLANG_ENABLE_MODULES = YES;
				CLANG_ENABLE_OBJC_ARC = YES;
				CLANG_ENABLE_OBJC_WEAK = YES;
				CLANG_WARN_BLOCK_CAPTURE_AUTORELEASING = YES;
				CLANG_WARN_BOOL_CONVERSION = YES;
				CLANG_WARN_COMMA = YES;
				CLANG_WARN_CONSTANT_CONVERSION = YES;
				CLANG_WARN_DEPRECATED_OBJC_IMPLEMENTATIONS = YES;
				CLANG_WARN_DIRECT_OBJC_ISA_USAGE = YES_ERROR;
				CLANG_WARN_DOCUMENTATION_COMMENTS = YES;
				CLANG_WARN_EMPTY_BODY = YES;
				CLANG_WARN_ENUM_CONVERSION = YES;
				CLANG_WARN_INFINITE_RECURSION = YES;
				CLANG_WARN_INT_CONVERSION = YES;
				CLANG_WARN_NON_LITERAL_NULL_CONVERSION = YES;
				CLANG_WARN_OBJC_IMPLICIT_RETAIN_SELF = YES;
				CLANG_WARN_OBJC_LITERAL_CONVERSION = YES;
				CLANG_WARN_OBJC_ROOT_CLASS = YES_ERROR;
				CLANG_WARN_QUOTED_INCLUDE_IN_FRAMEWORK_HEADER = YES;
				CLANG_WARN_RANGE_LOOP_ANALYSIS = YES;
				CLANG_WARN_STRICT_PROTOTYPES = YES;
				CLANG_WARN_SUSPICIOUS_MOVE = YES;
				CLANG_WARN_UNGUARDED_AVAILABILITY = YES_AGGRESSIVE;
				CLANG_WARN_UNREACHABLE_CODE = YES;
				CLANG_WARN__DUPLICATE_METHOD_MATCH = YES;
				COPY_PHASE_STRIP = NO;
				DEBUG_INFORMATION_FORMAT = dwarf;
				ENABLE_STRICT_OBJC_MSGSEND = YES;
				ENABLE_TESTABILITY = YES;
				ENABLE_USER_SCRIPT_SANDBOXING = YES;
				GCC_C_LANGUAGE_STANDARD = gnu17;
				GCC_DYNAMIC_NO_PIC = NO;
				GCC_NO_COMMON_BLOCKS = YES;
				GCC_OPTIMIZATION_LEVEL = 0;
				GCC_PREPROCESSOR_DEFINITIONS = (
					"DEBUG=1",
					"$(inherited)",
				);
				GCC_WARN_64_TO_32_BIT_CONVERSION = YES;
				GCC_WARN_ABOUT_RETURN_TYPE = YES_ERROR;
				GCC_WARN_UNDECLARED_SELECTOR = YES;
				GCC_WARN_UNINITIALIZED_AUTOS = YES_AGGRESSIVE;
				GCC_WARN_UNUSED_FUNCTION = YES;
				GCC_WARN_UNUSED_VARIABLE = YES;
				IPHONEOS_DEPLOYMENT_TARGET = 17.2;
				LOCALIZATION_PREFERS_STRING_CATALOGS = YES;
				MTL_ENABLE_DEBUG_INFO = INCLUDE_SOURCE;
				MTL_FAST_MATH = YES;
				ONLY_ACTIVE_ARCH = YES;
				SDKROOT = iphoneos;
				SWIFT_ACTIVE_COMPILATION_CONDITIONS = "DEBUG $(inherited)";
				SWIFT_OPTIMIZATION_LEVEL = "-Onone";
			};
			name = Debug;
		};
		2E734BD42B5AEACA0098B66F /* Release */ = {
			isa = XCBuildConfiguration;
			buildSettings = {
				ALWAYS_SEARCH_USER_PATHS = NO;
				ASSETCATALOG_COMPILER_GENERATE_SWIFT_ASSET_SYMBOL_EXTENSIONS = YES;
				CLANG_ANALYZER_NONNULL = YES;
				CLANG_ANALYZER_NUMBER_OBJECT_CONVERSION = YES_AGGRESSIVE;
				CLANG_CXX_LANGUAGE_STANDARD = "gnu++20";
				CLANG_ENABLE_MODULES = YES;
				CLANG_ENABLE_OBJC_ARC = YES;
				CLANG_ENABLE_OBJC_WEAK = YES;
				CLANG_WARN_BLOCK_CAPTURE_AUTORELEASING = YES;
				CLANG_WARN_BOOL_CONVERSION = YES;
				CLANG_WARN_COMMA = YES;
				CLANG_WARN_CONSTANT_CONVERSION = YES;
				CLANG_WARN_DEPRECATED_OBJC_IMPLEMENTATIONS = YES;
				CLANG_WARN_DIRECT_OBJC_ISA_USAGE = YES_ERROR;
				CLANG_WARN_DOCUMENTATION_COMMENTS = YES;
				CLANG_WARN_EMPTY_BODY = YES;
				CLANG_WARN_ENUM_CONVERSION = YES;
				CLANG_WARN_INFINITE_RECURSION = YES;
				CLANG_WARN_INT_CONVERSION = YES;
				CLANG_WARN_NON_LITERAL_NULL_CONVERSION = YES;
				CLANG_WARN_OBJC_IMPLICIT_RETAIN_SELF = YES;
				CLANG_WARN_OBJC_LITERAL_CONVERSION = YES;
				CLANG_WARN_OBJC_ROOT_CLASS = YES_ERROR;
				CLANG_WARN_QUOTED_INCLUDE_IN_FRAMEWORK_HEADER = YES;
				CLANG_WARN_RANGE_LOOP_ANALYSIS = YES;
				CLANG_WARN_STRICT_PROTOTYPES = YES;
				CLANG_WARN_SUSPICIOUS_MOVE = YES;
				CLANG_WARN_UNGUARDED_AVAILABILITY = YES_AGGRESSIVE;
				CLANG_WARN_UNREACHABLE_CODE = YES;
				CLANG_WARN__DUPLICATE_METHOD_MATCH = YES;
				COPY_PHASE_STRIP = NO;
				DEBUG_INFORMATION_FORMAT = "dwarf-with-dsym";
				ENABLE_NS_ASSERTIONS = NO;
				ENABLE_STRICT_OBJC_MSGSEND = YES;
				ENABLE_USER_SCRIPT_SANDBOXING = YES;
				GCC_C_LANGUAGE_STANDARD = gnu17;
				GCC_NO_COMMON_BLOCKS = YES;
				GCC_WARN_64_TO_32_BIT_CONVERSION = YES;
				GCC_WARN_ABOUT_RETURN_TYPE = YES_ERROR;
				GCC_WARN_UNDECLARED_SELECTOR = YES;
				GCC_WARN_UNINITIALIZED_AUTOS = YES_AGGRESSIVE;
				GCC_WARN_UNUSED_FUNCTION = YES;
				GCC_WARN_UNUSED_VARIABLE = YES;
				IPHONEOS_DEPLOYMENT_TARGET = 17.2;
				LOCALIZATION_PREFERS_STRING_CATALOGS = YES;
				MTL_ENABLE_DEBUG_INFO = NO;
				MTL_FAST_MATH = YES;
				SDKROOT = iphoneos;
				SWIFT_COMPILATION_MODE = wholemodule;
				VALIDATE_PRODUCT = YES;
			};
			name = Release;
		};
		2E734BD62B5AEACA0098B66F /* Debug */ = {
			isa = XCBuildConfiguration;
			buildSettings = {
				ASSETCATALOG_COMPILER_APPICON_NAME = AppIcon;
				ASSETCATALOG_COMPILER_GLOBAL_ACCENT_COLOR_NAME = AccentColor;
				CODE_SIGN_STYLE = Automatic;
				CURRENT_PROJECT_VERSION = 1;
				DEVELOPMENT_ASSET_PATHS = "\"Assignment_1/Preview Content\"";
				ENABLE_PREVIEWS = YES;
				GENERATE_INFOPLIST_FILE = YES;
				INFOPLIST_KEY_UIApplicationSceneManifest_Generation = YES;
				INFOPLIST_KEY_UIApplicationSupportsIndirectInputEvents = YES;
				INFOPLIST_KEY_UILaunchScreen_Generation = YES;
				INFOPLIST_KEY_UISupportedInterfaceOrientations_iPad = "UIInterfaceOrientationPortrait UIInterfaceOrientationPortraitUpsideDown UIInterfaceOrientationLandscapeLeft UIInterfaceOrientationLandscapeRight";
				INFOPLIST_KEY_UISupportedInterfaceOrientations_iPhone = "UIInterfaceOrientationPortrait UIInterfaceOrientationLandscapeLeft UIInterfaceOrientationLandscapeRight";
				LD_RUNPATH_SEARCH_PATHS = (
					"$(inherited)",
					"@executable_path/Frameworks",
				);
				MARKETING_VERSION = 1.0;
				PRODUCT_BUNDLE_IDENTIFIER = "BCIT.Assignment-1";
				PRODUCT_NAME = "$(TARGET_NAME)";
				SWIFT_EMIT_LOC_STRINGS = YES;
				SWIFT_VERSION = 5.0;
				TARGETED_DEVICE_FAMILY = "1,2";
			};
			name = Debug;
		};
		2E734BD72B5AEACA0098B66F /* Release */ = {
			isa = XCBuildConfiguration;
			buildSettings = {
				ASSETCATALOG_COMPILER_APPICON_NAME = AppIcon;
				ASSETCATALOG_COMPILER_GLOBAL_ACCENT_COLOR_NAME = AccentColor;
				CODE_SIGN_STYLE = Automatic;
				CURRENT_PROJECT_VERSION = 1;
				DEVELOPMENT_ASSET_PATHS = "\"Assignment_1/Preview Content\"";
				ENABLE_PREVIEWS = YES;
				GENERATE_INFOPLIST_FILE = YES;
				INFOPLIST_KEY_UIApplicationSceneManifest_Generation = YES;
				INFOPLIST_KEY_UIApplicationSupportsIndirectInputEvents = YES;
				INFOPLIST_KEY_UILaunchScreen_Generation = YES;
				INFOPLIST_KEY_UISupportedInterfaceOrientations_iPad = "UIInterfaceOrientationPortrait UIInterfaceOrientationPortraitUpsideDown UIInterfaceOrientationLandscapeLeft UIInterfaceOrientationLandscapeRight";
				INFOPLIST_KEY_UISupportedInterfaceOrientations_iPhone = "UIInterfaceOrientationPortrait UIInterfaceOrientationLandscapeLeft UIInterfaceOrientationLandscapeRight";
				LD_RUNPATH_SEARCH_PATHS = (
					"$(inherited)",
					"@executable_path/Frameworks",
				);
				MARKETING_VERSION = 1.0;
				PRODUCT_BUNDLE_IDENTIFIER = "BCIT.Assignment-1";
				PRODUCT_NAME = "$(TARGET_NAME)";
				SWIFT_EMIT_LOC_STRINGS = YES;
				SWIFT_VERSION = 5.0;
				TARGETED_DEVICE_FAMILY = "1,2";
			};
			name = Release;
		};
/* End XCBuildConfiguration section */

/* Begin XCConfigurationList section */
		2E734BC22B5AEAC90098B66F /* Build configuration list for PBXProject "Assignment_1" */ = {
			isa = XCConfigurationList;
			buildConfigurations = (
				2E734BD32B5AEACA0098B66F /* Debug */,
				2E734BD42B5AEACA0098B66F /* Release */,
			);
			defaultConfigurationIsVisible = 0;
			defaultConfigurationName = Release;
		};
		2E734BD52B5AEACA0098B66F /* Build configuration list for PBXNativeTarget "Assignment_1" */ = {
			isa = XCConfigurationList;
			buildConfigurations = (
				2E734BD62B5AEACA0098B66F /* Debug */,
				2E734BD72B5AEACA0098B66F /* Release */,
			);
			defaultConfigurationIsVisible = 0;
			defaultConfigurationName = Release;
		};
/* End XCConfigurationList section */
	};
	rootObject = 2E734BBF2B5AEAC90098B66F /* Project object */;
}
